
Microsoft Visual Studio Solution File, Format Version 12.00
# Visual Studio 15
VisualStudioVersion = 15.0.26124.0
MinimumVisualStudioVersion = 15.0.26124.0
Project("{2150E333-8FDC-42A3-9474-1A3956D46DE8}") = "src", "src", "{DB7C0F08-0B03-42B5-A8FB-A118DBC0AD56}"
EndProject
Project("{FAE04EC0-301F-11D3-BF4B-00C04F79EFBC}") = "PalTracker", "src\PalTracker\PalTracker.csproj", "{FB88B963-3AF3-43F6-A27A-BFDE69CBB5CA}"
EndProject
Project("{2150E333-8FDC-42A3-9474-1A3956D46DE8}") = "test", "test", "{2E54DC48-6326-4CF1-869E-81E76B5EE429}"
EndProject
Project("{FAE04EC0-301F-11D3-BF4B-00C04F79EFBC}") = "PalTrackerTests", "test\PalTrackerTests\PalTrackerTests.csproj", "{0954A842-AC6A-459D-B799-1DD2EC0ACE8E}"
EndProject
Global
	GlobalSection(SolutionConfigurationPlatforms) = preSolution
		Debug|Any CPU = Debug|Any CPU
		Debug|x64 = Debug|x64
		Debug|x86 = Debug|x86
		Release|Any CPU = Release|Any CPU
		Release|x64 = Release|x64
		Release|x86 = Release|x86
	EndGlobalSection
	GlobalSection(SolutionProperties) = preSolution
		HideSolutionNode = FALSE
	EndGlobalSection
	GlobalSection(ProjectConfigurationPlatforms) = postSolution
		{FB88B963-3AF3-43F6-A27A-BFDE69CBB5CA}.Debug|Any CPU.ActiveCfg = Debug|Any CPU
		{FB88B963-3AF3-43F6-A27A-BFDE69CBB5CA}.Debug|Any CPU.Build.0 = Debug|Any CPU
		{FB88B963-3AF3-43F6-A27A-BFDE69CBB5CA}.Debug|x64.ActiveCfg = Debug|Any CPU
		{FB88B963-3AF3-43F6-A27A-BFDE69CBB5CA}.Debug|x64.Build.0 = Debug|Any CPU
		{FB88B963-3AF3-43F6-A27A-BFDE69CBB5CA}.Debug|x86.ActiveCfg = Debug|Any CPU
		{FB88B963-3AF3-43F6-A27A-BFDE69CBB5CA}.Debug|x86.Build.0 = Debug|Any CPU
		{FB88B963-3AF3-43F6-A27A-BFDE69CBB5CA}.Release|Any CPU.ActiveCfg = Release|Any CPU
		{FB88B963-3AF3-43F6-A27A-BFDE69CBB5CA}.Release|Any CPU.Build.0 = Release|Any CPU
		{FB88B963-3AF3-43F6-A27A-BFDE69CBB5CA}.Release|x64.ActiveCfg = Release|Any CPU
		{FB88B963-3AF3-43F6-A27A-BFDE69CBB5CA}.Release|x64.Build.0 = Release|Any CPU
		{FB88B963-3AF3-43F6-A27A-BFDE69CBB5CA}.Release|x86.ActiveCfg = Release|Any CPU
		{FB88B963-3AF3-43F6-A27A-BFDE69CBB5CA}.Release|x86.Build.0 = Release|Any CPU
		{0954A842-AC6A-459D-B799-1DD2EC0ACE8E}.Debug|Any CPU.ActiveCfg = Debug|Any CPU
		{0954A842-AC6A-459D-B799-1DD2EC0ACE8E}.Debug|Any CPU.Build.0 = Debug|Any CPU
		{0954A842-AC6A-459D-B799-1DD2EC0ACE8E}.Debug|x64.ActiveCfg = Debug|Any CPU
		{0954A842-AC6A-459D-B799-1DD2EC0ACE8E}.Debug|x64.Build.0 = Debug|Any CPU
		{0954A842-AC6A-459D-B799-1DD2EC0ACE8E}.Debug|x86.ActiveCfg = Debug|Any CPU
		{0954A842-AC6A-459D-B799-1DD2EC0ACE8E}.Debug|x86.Build.0 = Debug|Any CPU
		{0954A842-AC6A-459D-B799-1DD2EC0ACE8E}.Release|Any CPU.ActiveCfg = Release|Any CPU
		{0954A842-AC6A-459D-B799-1DD2EC0ACE8E}.Release|Any CPU.Build.0 = Release|Any CPU
		{0954A842-AC6A-459D-B799-1DD2EC0ACE8E}.Release|x64.ActiveCfg = Release|Any CPU
		{0954A842-AC6A-459D-B799-1DD2EC0ACE8E}.Release|x64.Build.0 = Release|Any CPU
		{0954A842-AC6A-459D-B799-1DD2EC0ACE8E}.Release|x86.ActiveCfg = Release|Any CPU
		{0954A842-AC6A-459D-B799-1DD2EC0ACE8E}.Release|x86.Build.0 = Release|Any CPU
	EndGlobalSection
	GlobalSection(NestedProjects) = preSolution
		{FB88B963-3AF3-43F6-A27A-BFDE69CBB5CA} = {DB7C0F08-0B03-42B5-A8FB-A118DBC0AD56}
		{0954A842-AC6A-459D-B799-1DD2EC0ACE8E} = {2E54DC48-6326-4CF1-869E-81E76B5EE429}
	EndGlobalSection
EndGlobal
